
Microsoft Visual Studio Solution File, Format Version 12.00
Project("{FAE04EC0-301F-11D3-BF4B-00C04F79EFBC}") = "ApiGateway", "ApiGateway\ApiGateway.csproj", "{6C0D494D-2F2B-40FD-9A1C-A36434AB281D}"
EndProject
Project("{FAE04EC0-301F-11D3-BF4B-00C04F79EFBC}") = "Infrastructure.API", "..\Infrastructure\Infrastructure.API\Infrastructure.API.csproj", "{29A586CB-76A8-4AAE-8CF4-0ABF1ACA0478}"
EndProject
Project("{FAE04EC0-301F-11D3-BF4B-00C04F79EFBC}") = "Infrastructure", "..\Infrastructure\Infrastructure\Infrastructure.csproj", "{BC0AFC69-EC74-46CD-A263-23283F5A7CAF}"
EndProject
Project("{FAE04EC0-301F-11D3-BF4B-00C04F79EFBC}") = "AbstractTaskService.Client", "..\AbstractTaskService\AbstractTaskService.Client\AbstractTaskService.Client.csproj", "{D8C249E7-D337-4C3E-9AA8-13E28A34D249}"
EndProject
Project("{FAE04EC0-301F-11D3-BF4B-00C04F79EFBC}") = "ApiGateway.Logic", "ApiGateway.Logic\ApiGateway.Logic.csproj", "{B012C8C2-2312-4985-8EA3-5326BAF46382}"
EndProject
Project("{FAE04EC0-301F-11D3-BF4B-00C04F79EFBC}") = "ApiGateway.Models", "ApiGateway.Models\ApiGateway.Models.csproj", "{CACFAB87-7DCF-4992-AF74-A8B647E43E0A}"
EndProject
Project("{FAE04EC0-301F-11D3-BF4B-00C04F79EFBC}") = "AbstractTaskService.Models", "..\AbstractTaskService\AbstractTaskService.Models\AbstractTaskService.Models.csproj", "{8A2B3D87-8E11-43B6-BB2B-EC8CCB049217}"
EndProject
Project("{FAE04EC0-301F-11D3-BF4B-00C04F79EFBC}") = "Users.Client", "..\Users\Users.Client\Users.Client.csproj", "{707F1263-0853-4E9F-A66C-8369FA17A72C}"
EndProject
Project("{FAE04EC0-301F-11D3-BF4B-00C04F79EFBC}") = "Users.Models", "..\Users\Users.Models\Users.Models.csproj", "{73A9C6F0-F4A6-44E5-AFF3-F9A5699D83CA}"
EndProject
Global
	GlobalSection(SolutionConfigurationPlatforms) = preSolution
		Debug|Any CPU = Debug|Any CPU
		Release|Any CPU = Release|Any CPU
	EndGlobalSection
	GlobalSection(ProjectConfigurationPlatforms) = postSolution
		{6C0D494D-2F2B-40FD-9A1C-A36434AB281D}.Debug|Any CPU.ActiveCfg = Debug|Any CPU
		{6C0D494D-2F2B-40FD-9A1C-A36434AB281D}.Debug|Any CPU.Build.0 = Debug|Any CPU
		{6C0D494D-2F2B-40FD-9A1C-A36434AB281D}.Release|Any CPU.ActiveCfg = Release|Any CPU
		{6C0D494D-2F2B-40FD-9A1C-A36434AB281D}.Release|Any CPU.Build.0 = Release|Any CPU
		{29A586CB-76A8-4AAE-8CF4-0ABF1ACA0478}.Debug|Any CPU.ActiveCfg = Debug|Any CPU
		{29A586CB-76A8-4AAE-8CF4-0ABF1ACA0478}.Debug|Any CPU.Build.0 = Debug|Any CPU
		{29A586CB-76A8-4AAE-8CF4-0ABF1ACA0478}.Release|Any CPU.ActiveCfg = Release|Any CPU
		{29A586CB-76A8-4AAE-8CF4-0ABF1ACA0478}.Release|Any CPU.Build.0 = Release|Any CPU
		{BC0AFC69-EC74-46CD-A263-23283F5A7CAF}.Debug|Any CPU.ActiveCfg = Debug|Any CPU
		{BC0AFC69-EC74-46CD-A263-23283F5A7CAF}.Debug|Any CPU.Build.0 = Debug|Any CPU
		{BC0AFC69-EC74-46CD-A263-23283F5A7CAF}.Release|Any CPU.ActiveCfg = Release|Any CPU
		{BC0AFC69-EC74-46CD-A263-23283F5A7CAF}.Release|Any CPU.Build.0 = Release|Any CPU
		{D8C249E7-D337-4C3E-9AA8-13E28A34D249}.Debug|Any CPU.ActiveCfg = Debug|Any CPU
		{D8C249E7-D337-4C3E-9AA8-13E28A34D249}.Debug|Any CPU.Build.0 = Debug|Any CPU
		{D8C249E7-D337-4C3E-9AA8-13E28A34D249}.Release|Any CPU.ActiveCfg = Release|Any CPU
		{D8C249E7-D337-4C3E-9AA8-13E28A34D249}.Release|Any CPU.Build.0 = Release|Any CPU
		{B012C8C2-2312-4985-8EA3-5326BAF46382}.Debug|Any CPU.ActiveCfg = Debug|Any CPU
		{B012C8C2-2312-4985-8EA3-5326BAF46382}.Debug|Any CPU.Build.0 = Debug|Any CPU
		{B012C8C2-2312-4985-8EA3-5326BAF46382}.Release|Any CPU.ActiveCfg = Release|Any CPU
		{B012C8C2-2312-4985-8EA3-5326BAF46382}.Release|Any CPU.Build.0 = Release|Any CPU
		{CACFAB87-7DCF-4992-AF74-A8B647E43E0A}.Debug|Any CPU.ActiveCfg = Debug|Any CPU
		{CACFAB87-7DCF-4992-AF74-A8B647E43E0A}.Debug|Any CPU.Build.0 = Debug|Any CPU
		{CACFAB87-7DCF-4992-AF74-A8B647E43E0A}.Release|Any CPU.ActiveCfg = Release|Any CPU
		{CACFAB87-7DCF-4992-AF74-A8B647E43E0A}.Release|Any CPU.Build.0 = Release|Any CPU
		{8A2B3D87-8E11-43B6-BB2B-EC8CCB049217}.Debug|Any CPU.ActiveCfg = Debug|Any CPU
		{8A2B3D87-8E11-43B6-BB2B-EC8CCB049217}.Debug|Any CPU.Build.0 = Debug|Any CPU
		{8A2B3D87-8E11-43B6-BB2B-EC8CCB049217}.Release|Any CPU.ActiveCfg = Release|Any CPU
		{8A2B3D87-8E11-43B6-BB2B-EC8CCB049217}.Release|Any CPU.Build.0 = Release|Any CPU
		{707F1263-0853-4E9F-A66C-8369FA17A72C}.Debug|Any CPU.ActiveCfg = Debug|Any CPU
		{707F1263-0853-4E9F-A66C-8369FA17A72C}.Debug|Any CPU.Build.0 = Debug|Any CPU
		{707F1263-0853-4E9F-A66C-8369FA17A72C}.Release|Any CPU.ActiveCfg = Release|Any CPU
		{707F1263-0853-4E9F-A66C-8369FA17A72C}.Release|Any CPU.Build.0 = Release|Any CPU
		{73A9C6F0-F4A6-44E5-AFF3-F9A5699D83CA}.Debug|Any CPU.ActiveCfg = Debug|Any CPU
		{73A9C6F0-F4A6-44E5-AFF3-F9A5699D83CA}.Debug|Any CPU.Build.0 = Debug|Any CPU
		{73A9C6F0-F4A6-44E5-AFF3-F9A5699D83CA}.Release|Any CPU.ActiveCfg = Release|Any CPU
		{73A9C6F0-F4A6-44E5-AFF3-F9A5699D83CA}.Release|Any CPU.Build.0 = Release|Any CPU
	EndGlobalSection
EndGlobal
