
Microsoft Visual Studio Solution File, Format Version 12.00
Project("{FAE04EC0-301F-11D3-BF4B-00C04F79EFBC}") = "Infrastructure", "Infrastructure\Infrastructure.csproj", "{6C6F68D2-8D95-41CC-A031-E842DAFEB748}"
EndProject
Project("{FAE04EC0-301F-11D3-BF4B-00C04F79EFBC}") = "Infrastructure.API", "Infrastructure.API\Infrastructure.API.csproj", "{0E133DB2-5020-4A5F-B2EC-41F287319A5C}"
EndProject
Project("{FAE04EC0-301F-11D3-BF4B-00C04F79EFBC}") = "ServiceDiscovery.Models", "..\ServiceDiscovery\ServiceDiscovery.Models\ServiceDiscovery.Models.csproj", "{0D9137B3-3FEB-4E11-95EF-B03E0BD4413B}"
EndProject
Project("{FAE04EC0-301F-11D3-BF4B-00C04F79EFBC}") = "Infrastructure.Client", "Infrastructure.Client\Infrastructure.Client.csproj", "{321CF36B-9BB0-4BEA-A39D-2CBABB19940C}"
EndProject
Global
	GlobalSection(SolutionConfigurationPlatforms) = preSolution
		Debug|Any CPU = Debug|Any CPU
		Release|Any CPU = Release|Any CPU
	EndGlobalSection
	GlobalSection(ProjectConfigurationPlatforms) = postSolution
		{6C6F68D2-8D95-41CC-A031-E842DAFEB748}.Debug|Any CPU.ActiveCfg = Debug|Any CPU
		{6C6F68D2-8D95-41CC-A031-E842DAFEB748}.Debug|Any CPU.Build.0 = Debug|Any CPU
		{6C6F68D2-8D95-41CC-A031-E842DAFEB748}.Release|Any CPU.ActiveCfg = Release|Any CPU
		{6C6F68D2-8D95-41CC-A031-E842DAFEB748}.Release|Any CPU.Build.0 = Release|Any CPU
		{0E133DB2-5020-4A5F-B2EC-41F287319A5C}.Debug|Any CPU.ActiveCfg = Debug|Any CPU
		{0E133DB2-5020-4A5F-B2EC-41F287319A5C}.Debug|Any CPU.Build.0 = Debug|Any CPU
		{0E133DB2-5020-4A5F-B2EC-41F287319A5C}.Release|Any CPU.ActiveCfg = Release|Any CPU
		{0E133DB2-5020-4A5F-B2EC-41F287319A5C}.Release|Any CPU.Build.0 = Release|Any CPU
		{0D9137B3-3FEB-4E11-95EF-B03E0BD4413B}.Debug|Any CPU.ActiveCfg = Debug|Any CPU
		{0D9137B3-3FEB-4E11-95EF-B03E0BD4413B}.Debug|Any CPU.Build.0 = Debug|Any CPU
		{0D9137B3-3FEB-4E11-95EF-B03E0BD4413B}.Release|Any CPU.ActiveCfg = Release|Any CPU
		{0D9137B3-3FEB-4E11-95EF-B03E0BD4413B}.Release|Any CPU.Build.0 = Release|Any CPU
		{321CF36B-9BB0-4BEA-A39D-2CBABB19940C}.Debug|Any CPU.ActiveCfg = Debug|Any CPU
		{321CF36B-9BB0-4BEA-A39D-2CBABB19940C}.Debug|Any CPU.Build.0 = Debug|Any CPU
		{321CF36B-9BB0-4BEA-A39D-2CBABB19940C}.Release|Any CPU.ActiveCfg = Release|Any CPU
		{321CF36B-9BB0-4BEA-A39D-2CBABB19940C}.Release|Any CPU.Build.0 = Release|Any CPU
	EndGlobalSection
EndGlobal
