
Microsoft Visual Studio Solution File, Format Version 12.00
Project("{FAE04EC0-301F-11D3-BF4B-00C04F79EFBC}") = "AbstractTaskWorker", "AbstractTaskWorker\AbstractTaskWorker.csproj", "{B493A0D4-C324-4349-9705-0577838008AD}"
EndProject
Project("{FAE04EC0-301F-11D3-BF4B-00C04F79EFBC}") = "AbstractTaskService.DAL", "..\AbstractTaskService\AbstractTaskService.DAL\AbstractTaskService.DAL.csproj", "{3AE7D6AB-8188-4A84-BA79-2E890C3CA212}"
EndProject
Global
	GlobalSection(SolutionConfigurationPlatforms) = preSolution
		Debug|Any CPU = Debug|Any CPU
		Release|Any CPU = Release|Any CPU
	EndGlobalSection
	GlobalSection(ProjectConfigurationPlatforms) = postSolution
		{B493A0D4-C324-4349-9705-0577838008AD}.Debug|Any CPU.ActiveCfg = Debug|Any CPU
		{B493A0D4-C324-4349-9705-0577838008AD}.Debug|Any CPU.Build.0 = Debug|Any CPU
		{B493A0D4-C324-4349-9705-0577838008AD}.Release|Any CPU.ActiveCfg = Release|Any CPU
		{B493A0D4-C324-4349-9705-0577838008AD}.Release|Any CPU.Build.0 = Release|Any CPU
		{3AE7D6AB-8188-4A84-BA79-2E890C3CA212}.Debug|Any CPU.ActiveCfg = Debug|Any CPU
		{3AE7D6AB-8188-4A84-BA79-2E890C3CA212}.Debug|Any CPU.Build.0 = Debug|Any CPU
		{3AE7D6AB-8188-4A84-BA79-2E890C3CA212}.Release|Any CPU.ActiveCfg = Release|Any CPU
		{3AE7D6AB-8188-4A84-BA79-2E890C3CA212}.Release|Any CPU.Build.0 = Release|Any CPU
	EndGlobalSection
EndGlobal
